github.com/ganesh-k17/go-arithimetic v1.0.3 h1:DqJEoE9wtXbaWkaSIBZwauTI9eCvO84+vf7lX3wbMIo=
github.com/ganesh-k17/go-arithimetic v1.0.3/go.mod h1:MzI0klm2g/A9on9tTgzM78SrBQ/Xs+Vog077jLfI0Yc=
github.com/google/uuid v1.0.0 h1:b4Gk+7WdP/d3HZH8EJsZpvV7EtDOgaZLtnaNGIu1adA=
github.com/google/uuid v1.0.0/go.mod h1:TIyPZe4MgqvfeYDBFedMoGGpEw/LqOeaOT+nhxU+yHo=
github.com/pborman/uuid v1.2.1 h1:+ZZIw58t/ozdjRaXh/3awHfmWRbzYxJoAdNJxe/3pvw=
github.com/pborman/uuid v1.2.1/go.mod h1:X/NO0urCmaxf9VXbdlT7C2Yzkj2IKimNn4k+gtPdI/k=
